// !$*UTF8*$!
{
	archiveVersion = 1;
	classes = {
	};
	objectVersion = 50;
	objects = {

/* Begin PBXBuildFile section */
		63B9EF2D21EB291900F29545 /* main.m in Sources */ = {isa = PBXBuildFile; fileRef = 63B9EF2C21EB291900F29545 /* main.m */; };
		63B9EF3521EB296F00F29545 /* Person.m in Sources */ = {isa = PBXBuildFile; fileRef = 63B9EF3421EB296F00F29545 /* Person.m */; };
		63B9EF3821EB298B00F29545 /* PersonFactory.m in Sources */ = {isa = PBXBuildFile; fileRef = 63B9EF3721EB298B00F29545 /* PersonFactory.m */; };
		63B9EF3B21EB29B700F29545 /* Student.m in Sources */ = {isa = PBXBuildFile; fileRef = 63B9EF3A21EB29B700F29545 /* Student.m */; };
		63B9EF3E21EB29C000F29545 /* Police.m in Sources */ = {isa = PBXBuildFile; fileRef = 63B9EF3D21EB29C000F29545 /* Police.m */; };
/* End PBXBuildFile section */

/* Begin PBXCopyFilesBuildPhase section */
		63B9EF2721EB291900F29545 /* CopyFiles */ = {
			isa = PBXCopyFilesBuildPhase;
			buildActionMask = 2147483647;
			dstPath = /usr/share/man/man1/;
			dstSubfolderSpec = 0;
			files = (
			);
			runOnlyForDeploymentPostprocessing = 1;
		};
/* End PBXCopyFilesBuildPhase section */

/* Begin PBXFileReference section */
		63B9EF2921EB291900F29545 /* 工厂模式 */ = {isa = PBXFileReference; explicitFileType = "compiled.mach-o.executable"; includeInIndex = 0; path = "工厂模式"; sourceTree = BUILT_PRODUCTS_DIR; };
		63B9EF2C21EB291900F29545 /* main.m */ = {isa = PBXFileReference; lastKnownFileType = sourcecode.c.objc; path = main.m; sourceTree = "<group>"; };
		63B9EF3321EB296F00F29545 /* Person.h */ = {isa = PBXFileReference; lastKnownFileType = sourcecode.c.h; path = Person.h; sourceTree = "<group>"; };
		63B9EF3421EB296F00F29545 /* Person.m */ = {isa = PBXFileReference; lastKnownFileType = sourcecode.c.objc; path = Person.m; sourceTree = "<group>"; };
		63B9EF3621EB298B00F29545 /* PersonFactory.h */ = {isa = PBXFileReference; lastKnownFileType = sourcecode.c.h; path = PersonFactory.h; sourceTree = "<group>"; };
		63B9EF3721EB298B00F29545 /* PersonFactory.m */ = {isa = PBXFileReference; lastKnownFileType = sourcecode.c.objc; path = PersonFactory.m; sourceTree = "<group>"; };
		63B9EF3921EB29B700F29545 /* Student.h */ = {isa = PBXFileReference; lastKnownFileType = sourcecode.c.h; path = Student.h; sourceTree = "<group>"; };
		63B9EF3A21EB29B700F29545 /* Student.m */ = {isa = PBXFileReference; lastKnownFileType = sourcecode.c.objc; path = Student.m; sourceTree = "<group>"; };
		63B9EF3C21EB29C000F29545 /* Police.h */ = {isa = PBXFileReference; lastKnownFileType = sourcecode.c.h; path = Police.h; sourceTree = "<group>"; };
		63B9EF3D21EB29C000F29545 /* Police.m */ = {isa = PBXFileReference; lastKnownFileType = sourcecode.c.objc; path = Police.m; sourceTree = "<group>"; };
/* End PBXFileReference section */

/* Begin PBXFrameworksBuildPhase section */
		63B9EF2621EB291900F29545 /* Frameworks */ = {
			isa = PBXFrameworksBuildPhase;
			buildActionMask = 2147483647;
			files = (
			);
			runOnlyForDeploymentPostprocessing = 0;
		};
/* End PBXFrameworksBuildPhase section */

/* Begin PBXGroup section */
		63B9EF2021EB291900F29545 = {
			isa = PBXGroup;
			children = (
				63B9EF2B21EB291900F29545 /* 工厂模式 */,
				63B9EF2A21EB291900F29545 /* Products */,
			);
			sourceTree = "<group>";
		};
		63B9EF2A21EB291900F29545 /* Products */ = {
			isa = PBXGroup;
			children = (
				63B9EF2921EB291900F29545 /* 工厂模式 */,
			);
			name = Products;
			sourceTree = "<group>";
		};
		63B9EF2B21EB291900F29545 /* 工厂模式 */ = {
			isa = PBXGroup;
			children = (
				63B9EF2C21EB291900F29545 /* main.m */,
				63B9EF3321EB296F00F29545 /* Person.h */,
				63B9EF3421EB296F00F29545 /* Person.m */,
				63B9EF3921EB29B700F29545 /* Student.h */,
				63B9EF3A21EB29B700F29545 /* Student.m */,
				63B9EF3C21EB29C000F29545 /* Police.h */,
				63B9EF3D21EB29C000F29545 /* Police.m */,
				63B9EF3621EB298B00F29545 /* PersonFactory.h */,
				63B9EF3721EB298B00F29545 /* PersonFactory.m */,
			);
			path = "工厂模式";
			sourceTree = "<group>";
		};
/* End PBXGroup section */

/* Begin PBXNativeTarget section */
		63B9EF2821EB291900F29545 /* 工厂模式 */ = {
			isa = PBXNativeTarget;
			buildConfigurationList = 63B9EF3021EB291900F29545 /* Build configuration list for PBXNativeTarget "工厂模式" */;
			buildPhases = (
				63B9EF2521EB291900F29545 /* Sources */,
				63B9EF2621EB291900F29545 /* Frameworks */,
				63B9EF2721EB291900F29545 /* CopyFiles */,
			);
			buildRules = (
			);
			dependencies = (
			);
			name = "工厂模式";
			productName = "工厂模式";
			productReference = 63B9EF2921EB291900F29545 /* 工厂模式 */;
			productType = "com.apple.product-type.tool";
		};
/* End PBXNativeTarget section */

/* Begin PBXProject section */
		63B9EF2121EB291900F29545 /* Project object */ = {
			isa = PBXProject;
			attributes = {
				LastUpgradeCheck = 1010;
				ORGANIZATIONNAME = "伟大的大伟😘";
				TargetAttributes = {
					63B9EF2821EB291900F29545 = {
						CreatedOnToolsVersion = 10.1;
					};
				};
			};
			buildConfigurationList = 63B9EF2421EB291900F29545 /* Build configuration list for PBXProject "工厂模式" */;
			compatibilityVersion = "Xcode 9.3";
			developmentRegion = en;
			hasScannedForEncodings = 0;
			knownRegions = (
				en,
			);
			mainGroup = 63B9EF2021EB291900F29545;
			productRefGroup = 63B9EF2A21EB291900F29545 /* Products */;
			projectDirPath = "";
			projectRoot = "";
			targets = (
				63B9EF2821EB291900F29545 /* 工厂模式 */,
			);
		};
/* End PBXProject section */

/* Begin PBXSourcesBuildPhase section */
		63B9EF2521EB291900F29545 /* Sources */ = {
			isa = PBXSourcesBuildPhase;
			buildActionMask = 2147483647;
			files = (
				63B9EF3521EB296F00F29545 /* Person.m in Sources */,
				63B9EF2D21EB291900F29545 /* main.m in Sources */,
				63B9EF3821EB298B00F29545 /* PersonFactory.m in Sources */,
				63B9EF3E21EB29C000F29545 /* Police.m in Sources */,
				63B9EF3B21EB29B700F29545 /* Student.m in Sources */,
			);
			runOnlyForDeploymentPostprocessing = 0;
		};
/* End PBXSourcesBuildPhase section */

/* Begin XCBuildConfiguration section */
		63B9EF2E21EB291900F29545 /* Debug */ = {
			isa = XCBuildConfiguration;
			buildSettings = {
				ALWAYS_SEARCH_USER_PATHS = NO;
				CLANG_ANALYZER_NONNULL = YES;
				CLANG_ANALYZER_NUMBER_OBJECT_CONVERSION = YES_AGGRESSIVE;
				CLANG_CXX_LANGUAGE_STANDARD = "gnu++14";
				CLANG_CXX_LIBRARY = "libc++";
				CLANG_ENABLE_MODULES = YES;
				CLANG_ENABLE_OBJC_ARC = YES;
				CLANG_ENABLE_OBJC_WEAK = YES;
				CLANG_WARN_BLOCK_CAPTURE_AUTORELEASING = YES;
				CLANG_WARN_BOOL_CONVERSION = YES;
				CLANG_WARN_COMMA = YES;
				CLANG_WARN_CONSTANT_CONVERSION = YES;
				CLANG_WARN_DEPRECATED_OBJC_IMPLEMENTATIONS = YES;
				CLANG_WARN_DIRECT_OBJC_ISA_USAGE = YES_ERROR;
				CLANG_WARN_DOCUMENTATION_COMMENTS = YES;
				CLANG_WARN_EMPTY_BODY = YES;
				CLANG_WARN_ENUM_CONVERSION = YES;
				CLANG_WARN_INFINITE_RECURSION = YES;
				CLANG_WARN_INT_CONVERSION = YES;
				CLANG_WARN_NON_LITERAL_NULL_CONVERSION = YES;
				CLANG_WARN_OBJC_IMPLICIT_RETAIN_SELF = YES;
				CLANG_WARN_OBJC_LITERAL_CONVERSION = YES;
				CLANG_WARN_OBJC_ROOT_CLASS = YES_ERROR;
				CLANG_WARN_RANGE_LOOP_ANALYSIS = YES;
				CLANG_WARN_STRICT_PROTOTYPES = YES;
				CLANG_WARN_SUSPICIOUS_MOVE = YES;
				CLANG_WARN_UNGUARDED_AVAILABILITY = YES_AGGRESSIVE;
				CLANG_WARN_UNREACHABLE_CODE = YES;
				CLANG_WARN__DUPLICATE_METHOD_MATCH = YES;
				CODE_SIGN_IDENTITY = "-";
				COPY_PHASE_STRIP = NO;
				DEBUG_INFORMATION_FORMAT = dwarf;
				ENABLE_STRICT_OBJC_MSGSEND = YES;
				ENABLE_TESTABILITY = YES;
				GCC_C_LANGUAGE_STANDARD = gnu11;
				GCC_DYNAMIC_NO_PIC = NO;
				GCC_NO_COMMON_BLOCKS = YES;
				GCC_OPTIMIZATION_LEVEL = 0;
				GCC_PREPROCESSOR_DEFINITIONS = (
					"DEBUG=1",
					"$(inherited)",
				);
				GCC_WARN_64_TO_32_BIT_CONVERSION = YES;
				GCC_WARN_ABOUT_RETURN_TYPE = YES_ERROR;
				GCC_WARN_UNDECLARED_SELECTOR = YES;
				GCC_WARN_UNINITIALIZED_AUTOS = YES_AGGRESSIVE;
				GCC_WARN_UNUSED_FUNCTION = YES;
				GCC_WARN_UNUSED_VARIABLE = YES;
				MACOSX_DEPLOYMENT_TARGET = 10.14;
				MTL_ENABLE_DEBUG_INFO = INCLUDE_SOURCE;
				MTL_FAST_MATH = YES;
				ONLY_ACTIVE_ARCH = YES;
				SDKROOT = macosx;
			};
			name = Debug;
		};
		63B9EF2F21EB291900F29545 /* Release */ = {
			isa = XCBuildConfiguration;
			buildSettings = {
				ALWAYS_SEARCH_USER_PATHS = NO;
				CLANG_ANALYZER_NONNULL = YES;
				CLANG_ANALYZER_NUMBER_OBJECT_CONVERSION = YES_AGGRESSIVE;
				CLANG_CXX_LANGUAGE_STANDARD = "gnu++14";
				CLANG_CXX_LIBRARY = "libc++";
				CLANG_ENABLE_MODULES = YES;
				CLANG_ENABLE_OBJC_ARC = YES;
				CLANG_ENABLE_OBJC_WEAK = YES;
				CLANG_WARN_BLOCK_CAPTURE_AUTORELEASING = YES;
				CLANG_WARN_BOOL_CONVERSION = YES;
				CLANG_WARN_COMMA = YES;
				CLANG_WARN_CONSTANT_CONVERSION = YES;
				CLANG_WARN_DEPRECATED_OBJC_IMPLEMENTATIONS = YES;
				CLANG_WARN_DIRECT_OBJC_ISA_USAGE = YES_ERROR;
				CLANG_WARN_DOCUMENTATION_COMMENTS = YES;
				CLANG_WARN_EMPTY_BODY = YES;
				CLANG_WARN_ENUM_CONVERSION = YES;
				CLANG_WARN_INFINITE_RECURSION = YES;
				CLANG_WARN_INT_CONVERSION = YES;
				CLANG_WARN_NON_LITERAL_NULL_CONVERSION = YES;
				CLANG_WARN_OBJC_IMPLICIT_RETAIN_SELF = YES;
				CLANG_WARN_OBJC_LITERAL_CONVERSION = YES;
				CLANG_WARN_OBJC_ROOT_CLASS = YES_ERROR;
				CLANG_WARN_RANGE_LOOP_ANALYSIS = YES;
				CLANG_WARN_STRICT_PROTOTYPES = YES;
				CLANG_WARN_SUSPICIOUS_MOVE = YES;
				CLANG_WARN_UNGUARDED_AVAILABILITY = YES_AGGRESSIVE;
				CLANG_WARN_UNREACHABLE_CODE = YES;
				CLANG_WARN__DUPLICATE_METHOD_MATCH = YES;
				CODE_SIGN_IDENTITY = "-";
				COPY_PHASE_STRIP = NO;
				DEBUG_INFORMATION_FORMAT = "dwarf-with-dsym";
				ENABLE_NS_ASSERTIONS = NO;
				ENABLE_STRICT_OBJC_MSGSEND = YES;
				GCC_C_LANGUAGE_STANDARD = gnu11;
				GCC_NO_COMMON_BLOCKS = YES;
				GCC_WARN_64_TO_32_BIT_CONVERSION = YES;
				GCC_WARN_ABOUT_RETURN_TYPE = YES_ERROR;
				GCC_WARN_UNDECLARED_SELECTOR = YES;
				GCC_WARN_UNINITIALIZED_AUTOS = YES_AGGRESSIVE;
				GCC_WARN_UNUSED_FUNCTION = YES;
				GCC_WARN_UNUSED_VARIABLE = YES;
				MACOSX_DEPLOYMENT_TARGET = 10.14;
				MTL_ENABLE_DEBUG_INFO = NO;
				MTL_FAST_MATH = YES;
				SDKROOT = macosx;
			};
			name = Release;
		};
		63B9EF3121EB291900F29545 /* Debug */ = {
			isa = XCBuildConfiguration;
			buildSettings = {
				CODE_SIGN_STYLE = Automatic;
				PRODUCT_NAME = "$(TARGET_NAME)";
			};
			name = Debug;
		};
		63B9EF3221EB291900F29545 /* Release */ = {
			isa = XCBuildConfiguration;
			buildSettings = {
				CODE_SIGN_STYLE = Automatic;
				PRODUCT_NAME = "$(TARGET_NAME)";
			};
			name = Release;
		};
/* End XCBuildConfiguration section */

/* Begin XCConfigurationList section */
		63B9EF2421EB291900F29545 /* Build configuration list for PBXProject "工厂模式" */ = {
			isa = XCConfigurationList;
			buildConfigurations = (
				63B9EF2E21EB291900F29545 /* Debug */,
				63B9EF2F21EB291900F29545 /* Release */,
			);
			defaultConfigurationIsVisible = 0;
			defaultConfigurationName = Release;
		};
		63B9EF3021EB291900F29545 /* Build configuration list for PBXNativeTarget "工厂模式" */ = {
			isa = XCConfigurationList;
			buildConfigurations = (
				63B9EF3121EB291900F29545 /* Debug */,
				63B9EF3221EB291900F29545 /* Release */,
			);
			defaultConfigurationIsVisible = 0;
			defaultConfigurationName = Release;
		};
/* End XCConfigurationList section */
	};
	rootObject = 63B9EF2121EB291900F29545 /* Project object */;
}
